
Microsoft Visual Studio Solution File, Format Version 12.00
# Visual Studio Version 17
VisualStudioVersion = 17.14.36109.1 d17.14
MinimumVisualStudioVersion = 10.0.40219.1
Project("{FAE04EC0-301F-11D3-BF4B-00C04F79EFBC}") = "BulletinBoard.Web", "BulletinBoard.Web\BulletinBoard.Web.csproj", "{12B0BDEB-36E4-4FCE-ACCF-3CA6BFD5A3FA}"
EndProject
Global
	GlobalSection(SolutionConfigurationPlatforms) = preSolution
		Debug|Any CPU = Debug|Any CPU
		Release|Any CPU = Release|Any CPU
	EndGlobalSection
	GlobalSection(ProjectConfigurationPlatforms) = postSolution
		{12B0BDEB-36E4-4FCE-ACCF-3CA6BFD5A3FA}.Debug|Any CPU.ActiveCfg = Debug|Any CPU
		{12B0BDEB-36E4-4FCE-ACCF-3CA6BFD5A3FA}.Debug|Any CPU.Build.0 = Debug|Any CPU
		{12B0BDEB-36E4-4FCE-ACCF-3CA6BFD5A3FA}.Release|Any CPU.ActiveCfg = Release|Any CPU
		{12B0BDEB-36E4-4FCE-ACCF-3CA6BFD5A3FA}.Release|Any CPU.Build.0 = Release|Any CPU
	EndGlobalSection
	GlobalSection(SolutionProperties) = preSolution
		HideSolutionNode = FALSE
	EndGlobalSection
	GlobalSection(ExtensibilityGlobals) = postSolution
		SolutionGuid = {0848D749-F0F5-4D51-8F58-4B45D72BE08D}
	EndGlobalSection
EndGlobal
